{
  "name": "adornion",
  "version": "0.0.1",
  "lockfileVersion": 2,
  "requires": true,
  "packages": {
    "": {
      "name": "adornion",
      "version": "0.0.1",
      "license": "MIT",
      "dependencies": {
        "@csstools/normalize.css": "^12.1.1"
      },
      "devDependencies": {
        "gardevoir": "^1.0.0",
        "photoswipe": "^5.2.0"
      }
    },
    "node_modules/@csstools/normalize.css": {
      "version": "12.1.1",
      "resolved": "https://registry.npmjs.org/@csstools/normalize.css/-/normalize.css-12.1.1.tgz",
      "integrity": "sha512-YAYeJ+Xqh7fUou1d1j9XHl44BmsuThiTr4iNrgCQ3J27IbhXsxXDGZ1cXv8Qvs99d4rBbLiSKy3+WZiet32PcQ=="
    },
    "node_modules/gardevoir": {
      "version": "1.0.0",
      "resolved": "https://registry.npmjs.org/gardevoir/-/gardevoir-1.0.0.tgz",
      "integrity": "sha512-pzJpUwu56U9pqRM46gcT/sASx5FNcqWfDSQKvtr639yRFnvT8HsHuOYn3AAeYRWzTiZOaqA3sRoyZmupQX2+aw==",
      "dev": true
    },
    "node_modules/photoswipe": {
      "version": "5.3.5",
      "resolved": "https://registry.npmjs.org/photoswipe/-/photoswipe-5.3.5.tgz",
      "integrity": "sha512-90JeebKBhjz1co9goGJ4vjDK84YhGKbLO8J/aKcoWS/OGddVZB77ONIs7igUKa0IB1HozTs0BiS184wzZCghMw==",
      "dev": true,
      "engines": {
        "node": ">= 0.12.0"
      }
    }
  },
  "dependencies": {
    "@csstools/normalize.css": {
      "version": "12.1.1",
      "resolved": "https://registry.npmjs.org/@csstools/normalize.css/-/normalize.css-12.1.1.tgz",
      "integrity": "sha512-YAYeJ+Xqh7fUou1d1j9XHl44BmsuThiTr4iNrgCQ3J27IbhXsxXDGZ1cXv8Qvs99d4rBbLiSKy3+WZiet32PcQ=="
    },
    "gardevoir": {
      "version": "1.0.0",
      "resolved": "https://registry.npmjs.org/gardevoir/-/gardevoir-1.0.0.tgz",
      "integrity": "sha512-pzJpUwu56U9pqRM46gcT/sASx5FNcqWfDSQKvtr639yRFnvT8HsHuOYn3AAeYRWzTiZOaqA3sRoyZmupQX2+aw==",
      "dev": true
    },
    "photoswipe": {
      "version": "5.3.5",
      "resolved": "https://registry.npmjs.org/photoswipe/-/photoswipe-5.3.5.tgz",
      "integrity": "sha512-90JeebKBhjz1co9goGJ4vjDK84YhGKbLO8J/aKcoWS/OGddVZB77ONIs7igUKa0IB1HozTs0BiS184wzZCghMw==",
      "dev": true
    }
  }
}
